{
  "pins" : [
    {
      "identity" : "alamofire",
      "kind" : "remoteSourceControl",
      "location" : "https://github.com/Alamofire/Alamofire.git",
      "state" : {
        "revision" : "78424be314842833c04bc3bef5b72e85fff99204",
        "version" : "5.6.4"
      }
    },
    {
      "identity" : "handyjson",
      "kind" : "remoteSourceControl",
      "location" : "https://github.com/alibaba/HandyJSON",
      "state" : {
        "revision" : "dcf39cf062680ffa4fd0acb7f9117a97755c113f",
        "version" : "5.0.2"
      }
    }
  ],
  "version" : 2
}
