// !$*UTF8*$!
{
	archiveVersion = 1;
	classes = {
	};
	objectVersion = 56;
	objects = {

/* Begin PBXBuildFile section */
		EF06EDB629BC456000D45370 /* HomebodyApp.swift in Sources */ = {isa = PBXBuildFile; fileRef = EF06EDB529BC456000D45370 /* HomebodyApp.swift */; };
		EF06EDB829BC456000D45370 /* ContentView.swift in Sources */ = {isa = PBXBuildFile; fileRef = EF06EDB729BC456000D45370 /* ContentView.swift */; };
		EF06EDBA29BC456000D45370 /* Assets.xcassets in Resources */ = {isa = PBXBuildFile; fileRef = EF06EDB929BC456000D45370 /* Assets.xcassets */; };
		EF06EDBD29BC456000D45370 /* Preview Assets.xcassets in Resources */ = {isa = PBXBuildFile; fileRef = EF06EDBC29BC456000D45370 /* Preview Assets.xcassets */; };
		EF06EDC729BC456000D45370 /* HomebodyTests.swift in Sources */ = {isa = PBXBuildFile; fileRef = EF06EDC629BC456000D45370 /* HomebodyTests.swift */; };
		EF06EDD129BC456000D45370 /* HomebodyUITests.swift in Sources */ = {isa = PBXBuildFile; fileRef = EF06EDD029BC456000D45370 /* HomebodyUITests.swift */; };
		EF06EDD329BC456000D45370 /* HomebodyUITestsLaunchTests.swift in Sources */ = {isa = PBXBuildFile; fileRef = EF06EDD229BC456000D45370 /* HomebodyUITestsLaunchTests.swift */; };
/* End PBXBuildFile section */

/* Begin PBXContainerItemProxy section */
		EF06EDC329BC456000D45370 /* PBXContainerItemProxy */ = {
			isa = PBXContainerItemProxy;
			containerPortal = EF06EDAA29BC455F00D45370 /* Project object */;
			proxyType = 1;
			remoteGlobalIDString = EF06EDB129BC455F00D45370;
			remoteInfo = Homebody;
		};
		EF06EDCD29BC456000D45370 /* PBXContainerItemProxy */ = {
			isa = PBXContainerItemProxy;
			containerPortal = EF06EDAA29BC455F00D45370 /* Project object */;
			proxyType = 1;
			remoteGlobalIDString = EF06EDB129BC455F00D45370;
			remoteInfo = Homebody;
		};
/* End PBXContainerItemProxy section */

/* Begin PBXFileReference section */
		EF06EDB229BC456000D45370 /* Homebody.app */ = {isa = PBXFileReference; explicitFileType = wrapper.application; includeInIndex = 0; path = Homebody.app; sourceTree = BUILT_PRODUCTS_DIR; };
		EF06EDB529BC456000D45370 /* HomebodyApp.swift */ = {isa = PBXFileReference; lastKnownFileType = sourcecode.swift; path = HomebodyApp.swift; sourceTree = "<group>"; };
		EF06EDB729BC456000D45370 /* ContentView.swift */ = {isa = PBXFileReference; lastKnownFileType = sourcecode.swift; path = ContentView.swift; sourceTree = "<group>"; };
		EF06EDB929BC456000D45370 /* Assets.xcassets */ = {isa = PBXFileReference; lastKnownFileType = folder.assetcatalog; path = Assets.xcassets; sourceTree = "<group>"; };
		EF06EDBC29BC456000D45370 /* Preview Assets.xcassets */ = {isa = PBXFileReference; lastKnownFileType = folder.assetcatalog; path = "Preview Assets.xcassets"; sourceTree = "<group>"; };
		EF06EDC229BC456000D45370 /* HomebodyTests.xctest */ = {isa = PBXFileReference; explicitFileType = wrapper.cfbundle; includeInIndex = 0; path = HomebodyTests.xctest; sourceTree = BUILT_PRODUCTS_DIR; };
		EF06EDC629BC456000D45370 /* HomebodyTests.swift */ = {isa = PBXFileReference; lastKnownFileType = sourcecode.swift; path = HomebodyTests.swift; sourceTree = "<group>"; };
		EF06EDCC29BC456000D45370 /* HomebodyUITests.xctest */ = {isa = PBXFileReference; explicitFileType = wrapper.cfbundle; includeInIndex = 0; path = HomebodyUITests.xctest; sourceTree = BUILT_PRODUCTS_DIR; };
		EF06EDD029BC456000D45370 /* HomebodyUITests.swift */ = {isa = PBXFileReference; lastKnownFileType = sourcecode.swift; path = HomebodyUITests.swift; sourceTree = "<group>"; };
		EF06EDD229BC456000D45370 /* HomebodyUITestsLaunchTests.swift */ = {isa = PBXFileReference; lastKnownFileType = sourcecode.swift; path = HomebodyUITestsLaunchTests.swift; sourceTree = "<group>"; };
/* End PBXFileReference section */

/* Begin PBXFrameworksBuildPhase section */
		EF06EDAF29BC455F00D45370 /* Frameworks */ = {
			isa = PBXFrameworksBuildPhase;
			buildActionMask = 2147483647;
			files = (
			);
			runOnlyForDeploymentPostprocessing = 0;
		};
		EF06EDBF29BC456000D45370 /* Frameworks */ = {
			isa = PBXFrameworksBuildPhase;
			buildActionMask = 2147483647;
			files = (
			);
			runOnlyForDeploymentPostprocessing = 0;
		};
		EF06EDC929BC456000D45370 /* Frameworks */ = {
			isa = PBXFrameworksBuildPhase;
			buildActionMask = 2147483647;
			files = (
			);
			runOnlyForDeploymentPostprocessing = 0;
		};
/* End PBXFrameworksBuildPhase section */

/* Begin PBXGroup section */
		EF06EDA929BC455F00D45370 = {
			isa = PBXGroup;
			children = (
				EF06EDB429BC456000D45370 /* Homebody */,
				EF06EDC529BC456000D45370 /* HomebodyTests */,
				EF06EDCF29BC456000D45370 /* HomebodyUITests */,
				EF06EDB329BC456000D45370 /* Products */,
			);
			sourceTree = "<group>";
		};
		EF06EDB329BC456000D45370 /* Products */ = {
			isa = PBXGroup;
			children = (
				EF06EDB229BC456000D45370 /* Homebody.app */,
				EF06EDC229BC456000D45370 /* HomebodyTests.xctest */,
				EF06EDCC29BC456000D45370 /* HomebodyUITests.xctest */,
			);
			name = Products;
			sourceTree = "<group>";
		};
		EF06EDB429BC456000D45370 /* Homebody */ = {
			isa = PBXGroup;
			children = (
				EF06EDB529BC456000D45370 /* HomebodyApp.swift */,
				EF06EDB729BC456000D45370 /* ContentView.swift */,
				EF06EDB929BC456000D45370 /* Assets.xcassets */,
				EF06EDBB29BC456000D45370 /* Preview Content */,
			);
			path = Homebody;
			sourceTree = "<group>";
		};
		EF06EDBB29BC456000D45370 /* Preview Content */ = {
			isa = PBXGroup;
			children = (
				EF06EDBC29BC456000D45370 /* Preview Assets.xcassets */,
			);
			path = "Preview Content";
			sourceTree = "<group>";
		};
		EF06EDC529BC456000D45370 /* HomebodyTests */ = {
			isa = PBXGroup;
			children = (
				EF06EDC629BC456000D45370 /* HomebodyTests.swift */,
			);
			path = HomebodyTests;
			sourceTree = "<group>";
		};
		EF06EDCF29BC456000D45370 /* HomebodyUITests */ = {
			isa = PBXGroup;
			children = (
				EF06EDD029BC456000D45370 /* HomebodyUITests.swift */,
				EF06EDD229BC456000D45370 /* HomebodyUITestsLaunchTests.swift */,
			);
			path = HomebodyUITests;
			sourceTree = "<group>";
		};
/* End PBXGroup section */

/* Begin PBXNativeTarget section */
		EF06EDB129BC455F00D45370 /* Homebody */ = {
			isa = PBXNativeTarget;
			buildConfigurationList = EF06EDD629BC456000D45370 /* Build configuration list for PBXNativeTarget "Homebody" */;
			buildPhases = (
				EF06EDAE29BC455F00D45370 /* Sources */,
				EF06EDAF29BC455F00D45370 /* Frameworks */,
				EF06EDB029BC455F00D45370 /* Resources */,
			);
			buildRules = (
			);
			dependencies = (
			);
			name = Homebody;
			productName = Homebody;
			productReference = EF06EDB229BC456000D45370 /* Homebody.app */;
			productType = "com.apple.product-type.application";
		};
		EF06EDC129BC456000D45370 /* HomebodyTests */ = {
			isa = PBXNativeTarget;
			buildConfigurationList = EF06EDD929BC456000D45370 /* Build configuration list for PBXNativeTarget "HomebodyTests" */;
			buildPhases = (
				EF06EDBE29BC456000D45370 /* Sources */,
				EF06EDBF29BC456000D45370 /* Frameworks */,
				EF06EDC029BC456000D45370 /* Resources */,
			);
			buildRules = (
			);
			dependencies = (
				EF06EDC429BC456000D45370 /* PBXTargetDependency */,
			);
			name = HomebodyTests;
			productName = HomebodyTests;
			productReference = EF06EDC229BC456000D45370 /* HomebodyTests.xctest */;
			productType = "com.apple.product-type.bundle.unit-test";
		};
		EF06EDCB29BC456000D45370 /* HomebodyUITests */ = {
			isa = PBXNativeTarget;
			buildConfigurationList = EF06EDDC29BC456000D45370 /* Build configuration list for PBXNativeTarget "HomebodyUITests" */;
			buildPhases = (
				EF06EDC829BC456000D45370 /* Sources */,
				EF06EDC929BC456000D45370 /* Frameworks */,
				EF06EDCA29BC456000D45370 /* Resources */,
			);
			buildRules = (
			);
			dependencies = (
				EF06EDCE29BC456000D45370 /* PBXTargetDependency */,
			);
			name = HomebodyUITests;
			productName = HomebodyUITests;
			productReference = EF06EDCC29BC456000D45370 /* HomebodyUITests.xctest */;
			productType = "com.apple.product-type.bundle.ui-testing";
		};
/* End PBXNativeTarget section */

/* Begin PBXProject section */
		EF06EDAA29BC455F00D45370 /* Project object */ = {
			isa = PBXProject;
			attributes = {
				BuildIndependentTargetsInParallel = 1;
				LastSwiftUpdateCheck = 1400;
				LastUpgradeCheck = 1400;
				TargetAttributes = {
					EF06EDB129BC455F00D45370 = {
						CreatedOnToolsVersion = 14.0.1;
					};
					EF06EDC129BC456000D45370 = {
						CreatedOnToolsVersion = 14.0.1;
						TestTargetID = EF06EDB129BC455F00D45370;
					};
					EF06EDCB29BC456000D45370 = {
						CreatedOnToolsVersion = 14.0.1;
						TestTargetID = EF06EDB129BC455F00D45370;
					};
				};
			};
			buildConfigurationList = EF06EDAD29BC455F00D45370 /* Build configuration list for PBXProject "Homebody" */;
			compatibilityVersion = "Xcode 14.0";
			developmentRegion = en;
			hasScannedForEncodings = 0;
			knownRegions = (
				en,
				Base,
			);
			mainGroup = EF06EDA929BC455F00D45370;
			productRefGroup = EF06EDB329BC456000D45370 /* Products */;
			projectDirPath = "";
			projectRoot = "";
			targets = (
				EF06EDB129BC455F00D45370 /* Homebody */,
				EF06EDC129BC456000D45370 /* HomebodyTests */,
				EF06EDCB29BC456000D45370 /* HomebodyUITests */,
			);
		};
/* End PBXProject section */

/* Begin PBXResourcesBuildPhase section */
		EF06EDB029BC455F00D45370 /* Resources */ = {
			isa = PBXResourcesBuildPhase;
			buildActionMask = 2147483647;
			files = (
				EF06EDBD29BC456000D45370 /* Preview Assets.xcassets in Resources */,
				EF06EDBA29BC456000D45370 /* Assets.xcassets in Resources */,
			);
			runOnlyForDeploymentPostprocessing = 0;
		};
		EF06EDC029BC456000D45370 /* Resources */ = {
			isa = PBXResourcesBuildPhase;
			buildActionMask = 2147483647;
			files = (
			);
			runOnlyForDeploymentPostprocessing = 0;
		};
		EF06EDCA29BC456000D45370 /* Resources */ = {
			isa = PBXResourcesBuildPhase;
			buildActionMask = 2147483647;
			files = (
			);
			runOnlyForDeploymentPostprocessing = 0;
		};
/* End PBXResourcesBuildPhase section */

/* Begin PBXSourcesBuildPhase section */
		EF06EDAE29BC455F00D45370 /* Sources */ = {
			isa = PBXSourcesBuildPhase;
			buildActionMask = 2147483647;
			files = (
				EF06EDB829BC456000D45370 /* ContentView.swift in Sources */,
				EF06EDB629BC456000D45370 /* HomebodyApp.swift in Sources */,
			);
			runOnlyForDeploymentPostprocessing = 0;
		};
		EF06EDBE29BC456000D45370 /* Sources */ = {
			isa = PBXSourcesBuildPhase;
			buildActionMask = 2147483647;
			files = (
				EF06EDC729BC456000D45370 /* HomebodyTests.swift in Sources */,
			);
			runOnlyForDeploymentPostprocessing = 0;
		};
		EF06EDC829BC456000D45370 /* Sources */ = {
			isa = PBXSourcesBuildPhase;
			buildActionMask = 2147483647;
			files = (
				EF06EDD329BC456000D45370 /* HomebodyUITestsLaunchTests.swift in Sources */,
				EF06EDD129BC456000D45370 /* HomebodyUITests.swift in Sources */,
			);
			runOnlyForDeploymentPostprocessing = 0;
		};
/* End PBXSourcesBuildPhase section */

/* Begin PBXTargetDependency section */
		EF06EDC429BC456000D45370 /* PBXTargetDependency */ = {
			isa = PBXTargetDependency;
			target = EF06EDB129BC455F00D45370 /* Homebody */;
			targetProxy = EF06EDC329BC456000D45370 /* PBXContainerItemProxy */;
		};
		EF06EDCE29BC456000D45370 /* PBXTargetDependency */ = {
			isa = PBXTargetDependency;
			target = EF06EDB129BC455F00D45370 /* Homebody */;
			targetProxy = EF06EDCD29BC456000D45370 /* PBXContainerItemProxy */;
		};
/* End PBXTargetDependency section */

/* Begin XCBuildConfiguration section */
		EF06EDD429BC456000D45370 /* Debug */ = {
			isa = XCBuildConfiguration;
			buildSettings = {
				ALWAYS_SEARCH_USER_PATHS = NO;
				CLANG_ANALYZER_NONNULL = YES;
				CLANG_ANALYZER_NUMBER_OBJECT_CONVERSION = YES_AGGRESSIVE;
				CLANG_CXX_LANGUAGE_STANDARD = "gnu++20";
				CLANG_ENABLE_MODULES = YES;
				CLANG_ENABLE_OBJC_ARC = YES;
				CLANG_ENABLE_OBJC_WEAK = YES;
				CLANG_WARN_BLOCK_CAPTURE_AUTORELEASING = YES;
				CLANG_WARN_BOOL_CONVERSION = YES;
				CLANG_WARN_COMMA = YES;
				CLANG_WARN_CONSTANT_CONVERSION = YES;
				CLANG_WARN_DEPRECATED_OBJC_IMPLEMENTATIONS = YES;
				CLANG_WARN_DIRECT_OBJC_ISA_USAGE = YES_ERROR;
				CLANG_WARN_DOCUMENTATION_COMMENTS = YES;
				CLANG_WARN_EMPTY_BODY = YES;
				CLANG_WARN_ENUM_CONVERSION = YES;
				CLANG_WARN_INFINITE_RECURSION = YES;
				CLANG_WARN_INT_CONVERSION = YES;
				CLANG_WARN_NON_LITERAL_NULL_CONVERSION = YES;
				CLANG_WARN_OBJC_IMPLICIT_RETAIN_SELF = YES;
				CLANG_WARN_OBJC_LITERAL_CONVERSION = YES;
				CLANG_WARN_OBJC_ROOT_CLASS = YES_ERROR;
				CLANG_WARN_QUOTED_INCLUDE_IN_FRAMEWORK_HEADER = YES;
				CLANG_WARN_RANGE_LOOP_ANALYSIS = YES;
				CLANG_WARN_STRICT_PROTOTYPES = YES;
				CLANG_WARN_SUSPICIOUS_MOVE = YES;
				CLANG_WARN_UNGUARDED_AVAILABILITY = YES_AGGRESSIVE;
				CLANG_WARN_UNREACHABLE_CODE = YES;
				CLANG_WARN__DUPLICATE_METHOD_MATCH = YES;
				COPY_PHASE_STRIP = NO;
				DEBUG_INFORMATION_FORMAT = dwarf;
				ENABLE_STRICT_OBJC_MSGSEND = YES;
				ENABLE_TESTABILITY = YES;
				GCC_C_LANGUAGE_STANDARD = gnu11;
				GCC_DYNAMIC_NO_PIC = NO;
				GCC_NO_COMMON_BLOCKS = YES;
				GCC_OPTIMIZATION_LEVEL = 0;
				GCC_PREPROCESSOR_DEFINITIONS = (
					"DEBUG=1",
					"$(inherited)",
				);
				GCC_WARN_64_TO_32_BIT_CONVERSION = YES;
				GCC_WARN_ABOUT_RETURN_TYPE = YES_ERROR;
				GCC_WARN_UNDECLARED_SELECTOR = YES;
				GCC_WARN_UNINITIALIZED_AUTOS = YES_AGGRESSIVE;
				GCC_WARN_UNUSED_FUNCTION = YES;
				GCC_WARN_UNUSED_VARIABLE = YES;
				IPHONEOS_DEPLOYMENT_TARGET = 16.0;
				MTL_ENABLE_DEBUG_INFO = INCLUDE_SOURCE;
				MTL_FAST_MATH = YES;
				ONLY_ACTIVE_ARCH = YES;
				SDKROOT = iphoneos;
				SWIFT_ACTIVE_COMPILATION_CONDITIONS = DEBUG;
				SWIFT_OPTIMIZATION_LEVEL = "-Onone";
			};
			name = Debug;
		};
		EF06EDD529BC456000D45370 /* Release */ = {
			isa = XCBuildConfiguration;
			buildSettings = {
				ALWAYS_SEARCH_USER_PATHS = NO;
				CLANG_ANALYZER_NONNULL = YES;
				CLANG_ANALYZER_NUMBER_OBJECT_CONVERSION = YES_AGGRESSIVE;
				CLANG_CXX_LANGUAGE_STANDARD = "gnu++20";
				CLANG_ENABLE_MODULES = YES;
				CLANG_ENABLE_OBJC_ARC = YES;
				CLANG_ENABLE_OBJC_WEAK = YES;
				CLANG_WARN_BLOCK_CAPTURE_AUTORELEASING = YES;
				CLANG_WARN_BOOL_CONVERSION = YES;
				CLANG_WARN_COMMA = YES;
				CLANG_WARN_CONSTANT_CONVERSION = YES;
				CLANG_WARN_DEPRECATED_OBJC_IMPLEMENTATIONS = YES;
				CLANG_WARN_DIRECT_OBJC_ISA_USAGE = YES_ERROR;
				CLANG_WARN_DOCUMENTATION_COMMENTS = YES;
				CLANG_WARN_EMPTY_BODY = YES;
				CLANG_WARN_ENUM_CONVERSION = YES;
				CLANG_WARN_INFINITE_RECURSION = YES;
				CLANG_WARN_INT_CONVERSION = YES;
				CLANG_WARN_NON_LITERAL_NULL_CONVERSION = YES;
				CLANG_WARN_OBJC_IMPLICIT_RETAIN_SELF = YES;
				CLANG_WARN_OBJC_LITERAL_CONVERSION = YES;
				CLANG_WARN_OBJC_ROOT_CLASS = YES_ERROR;
				CLANG_WARN_QUOTED_INCLUDE_IN_FRAMEWORK_HEADER = YES;
				CLANG_WARN_RANGE_LOOP_ANALYSIS = YES;
				CLANG_WARN_STRICT_PROTOTYPES = YES;
				CLANG_WARN_SUSPICIOUS_MOVE = YES;
				CLANG_WARN_UNGUARDED_AVAILABILITY = YES_AGGRESSIVE;
				CLANG_WARN_UNREACHABLE_CODE = YES;
				CLANG_WARN__DUPLICATE_METHOD_MATCH = YES;
				COPY_PHASE_STRIP = NO;
				DEBUG_INFORMATION_FORMAT = "dwarf-with-dsym";
				ENABLE_NS_ASSERTIONS = NO;
				ENABLE_STRICT_OBJC_MSGSEND = YES;
				GCC_C_LANGUAGE_STANDARD = gnu11;
				GCC_NO_COMMON_BLOCKS = YES;
				GCC_WARN_64_TO_32_BIT_CONVERSION = YES;
				GCC_WARN_ABOUT_RETURN_TYPE = YES_ERROR;
				GCC_WARN_UNDECLARED_SELECTOR = YES;
				GCC_WARN_UNINITIALIZED_AUTOS = YES_AGGRESSIVE;
				GCC_WARN_UNUSED_FUNCTION = YES;
				GCC_WARN_UNUSED_VARIABLE = YES;
				IPHONEOS_DEPLOYMENT_TARGET = 16.0;
				MTL_ENABLE_DEBUG_INFO = NO;
				MTL_FAST_MATH = YES;
				SDKROOT = iphoneos;
				SWIFT_COMPILATION_MODE = wholemodule;
				SWIFT_OPTIMIZATION_LEVEL = "-O";
				VALIDATE_PRODUCT = YES;
			};
			name = Release;
		};
		EF06EDD729BC456000D45370 /* Debug */ = {
			isa = XCBuildConfiguration;
			buildSettings = {
				ASSETCATALOG_COMPILER_APPICON_NAME = AppIcon;
				ASSETCATALOG_COMPILER_GLOBAL_ACCENT_COLOR_NAME = AccentColor;
				CODE_SIGN_STYLE = Automatic;
				CURRENT_PROJECT_VERSION = 1;
				DEVELOPMENT_ASSET_PATHS = "\"Homebody/Preview Content\"";
				DEVELOPMENT_TEAM = MA35V5PR3U;
				ENABLE_PREVIEWS = YES;
				GENERATE_INFOPLIST_FILE = YES;
				INFOPLIST_KEY_UIApplicationSceneManifest_Generation = YES;
				INFOPLIST_KEY_UIApplicationSupportsIndirectInputEvents = YES;
				INFOPLIST_KEY_UILaunchScreen_Generation = YES;
				INFOPLIST_KEY_UISupportedInterfaceOrientations_iPad = "UIInterfaceOrientationPortrait UIInterfaceOrientationPortraitUpsideDown UIInterfaceOrientationLandscapeLeft UIInterfaceOrientationLandscapeRight";
				INFOPLIST_KEY_UISupportedInterfaceOrientations_iPhone = "UIInterfaceOrientationPortrait UIInterfaceOrientationLandscapeLeft UIInterfaceOrientationLandscapeRight";
				LD_RUNPATH_SEARCH_PATHS = (
					"$(inherited)",
					"@executable_path/Frameworks",
				);
				MARKETING_VERSION = 1.0;
				PRODUCT_BUNDLE_IDENTIFIER = com.sangau.Homebody;
				PRODUCT_NAME = "$(TARGET_NAME)";
				SWIFT_EMIT_LOC_STRINGS = YES;
				SWIFT_VERSION = 5.0;
				TARGETED_DEVICE_FAMILY = "1,2";
			};
			name = Debug;
		};
		EF06EDD829BC456000D45370 /* Release */ = {
			isa = XCBuildConfiguration;
			buildSettings = {
				ASSETCATALOG_COMPILER_APPICON_NAME = AppIcon;
				ASSETCATALOG_COMPILER_GLOBAL_ACCENT_COLOR_NAME = AccentColor;
				CODE_SIGN_STYLE = Automatic;
				CURRENT_PROJECT_VERSION = 1;
				DEVELOPMENT_ASSET_PATHS = "\"Homebody/Preview Content\"";
				DEVELOPMENT_TEAM = MA35V5PR3U;
				ENABLE_PREVIEWS = YES;
				GENERATE_INFOPLIST_FILE = YES;
				INFOPLIST_KEY_UIApplicationSceneManifest_Generation = YES;
				INFOPLIST_KEY_UIApplicationSupportsIndirectInputEvents = YES;
				INFOPLIST_KEY_UILaunchScreen_Generation = YES;
				INFOPLIST_KEY_UISupportedInterfaceOrientations_iPad = "UIInterfaceOrientationPortrait UIInterfaceOrientationPortraitUpsideDown UIInterfaceOrientationLandscapeLeft UIInterfaceOrientationLandscapeRight";
				INFOPLIST_KEY_UISupportedInterfaceOrientations_iPhone = "UIInterfaceOrientationPortrait UIInterfaceOrientationLandscapeLeft UIInterfaceOrientationLandscapeRight";
				LD_RUNPATH_SEARCH_PATHS = (
					"$(inherited)",
					"@executable_path/Frameworks",
				);
				MARKETING_VERSION = 1.0;
				PRODUCT_BUNDLE_IDENTIFIER = com.sangau.Homebody;
				PRODUCT_NAME = "$(TARGET_NAME)";
				SWIFT_EMIT_LOC_STRINGS = YES;
				SWIFT_VERSION = 5.0;
				TARGETED_DEVICE_FAMILY = "1,2";
			};
			name = Release;
		};
		EF06EDDA29BC456000D45370 /* Debug */ = {
			isa = XCBuildConfiguration;
			buildSettings = {
				ALWAYS_EMBED_SWIFT_STANDARD_LIBRARIES = YES;
				BUNDLE_LOADER = "$(TEST_HOST)";
				CODE_SIGN_STYLE = Automatic;
				CURRENT_PROJECT_VERSION = 1;
				DEVELOPMENT_TEAM = MA35V5PR3U;
				GENERATE_INFOPLIST_FILE = YES;
				IPHONEOS_DEPLOYMENT_TARGET = 16.0;
				MARKETING_VERSION = 1.0;
				PRODUCT_BUNDLE_IDENTIFIER = com.sangau.HomebodyTests;
				PRODUCT_NAME = "$(TARGET_NAME)";
				SWIFT_EMIT_LOC_STRINGS = NO;
				SWIFT_VERSION = 5.0;
				TARGETED_DEVICE_FAMILY = "1,2";
				TEST_HOST = "$(BUILT_PRODUCTS_DIR)/Homebody.app/$(BUNDLE_EXECUTABLE_FOLDER_PATH)/Homebody";
			};
			name = Debug;
		};
		EF06EDDB29BC456000D45370 /* Release */ = {
			isa = XCBuildConfiguration;
			buildSettings = {
				ALWAYS_EMBED_SWIFT_STANDARD_LIBRARIES = YES;
				BUNDLE_LOADER = "$(TEST_HOST)";
				CODE_SIGN_STYLE = Automatic;
				CURRENT_PROJECT_VERSION = 1;
				DEVELOPMENT_TEAM = MA35V5PR3U;
				GENERATE_INFOPLIST_FILE = YES;
				IPHONEOS_DEPLOYMENT_TARGET = 16.0;
				MARKETING_VERSION = 1.0;
				PRODUCT_BUNDLE_IDENTIFIER = com.sangau.HomebodyTests;
				PRODUCT_NAME = "$(TARGET_NAME)";
				SWIFT_EMIT_LOC_STRINGS = NO;
				SWIFT_VERSION = 5.0;
				TARGETED_DEVICE_FAMILY = "1,2";
				TEST_HOST = "$(BUILT_PRODUCTS_DIR)/Homebody.app/$(BUNDLE_EXECUTABLE_FOLDER_PATH)/Homebody";
			};
			name = Release;
		};
		EF06EDDD29BC456000D45370 /* Debug */ = {
			isa = XCBuildConfiguration;
			buildSettings = {
				ALWAYS_EMBED_SWIFT_STANDARD_LIBRARIES = YES;
				CODE_SIGN_STYLE = Automatic;
				CURRENT_PROJECT_VERSION = 1;
				DEVELOPMENT_TEAM = MA35V5PR3U;
				GENERATE_INFOPLIST_FILE = YES;
				MARKETING_VERSION = 1.0;
				PRODUCT_BUNDLE_IDENTIFIER = com.sangau.HomebodyUITests;
				PRODUCT_NAME = "$(TARGET_NAME)";
				SWIFT_EMIT_LOC_STRINGS = NO;
				SWIFT_VERSION = 5.0;
				TARGETED_DEVICE_FAMILY = "1,2";
				TEST_TARGET_NAME = Homebody;
			};
			name = Debug;
		};
		EF06EDDE29BC456000D45370 /* Release */ = {
			isa = XCBuildConfiguration;
			buildSettings = {
				ALWAYS_EMBED_SWIFT_STANDARD_LIBRARIES = YES;
				CODE_SIGN_STYLE = Automatic;
				CURRENT_PROJECT_VERSION = 1;
				DEVELOPMENT_TEAM = MA35V5PR3U;
				GENERATE_INFOPLIST_FILE = YES;
				MARKETING_VERSION = 1.0;
				PRODUCT_BUNDLE_IDENTIFIER = com.sangau.HomebodyUITests;
				PRODUCT_NAME = "$(TARGET_NAME)";
				SWIFT_EMIT_LOC_STRINGS = NO;
				SWIFT_VERSION = 5.0;
				TARGETED_DEVICE_FAMILY = "1,2";
				TEST_TARGET_NAME = Homebody;
			};
			name = Release;
		};
/* End XCBuildConfiguration section */

/* Begin XCConfigurationList section */
		EF06EDAD29BC455F00D45370 /* Build configuration list for PBXProject "Homebody" */ = {
			isa = XCConfigurationList;
			buildConfigurations = (
				EF06EDD429BC456000D45370 /* Debug */,
				EF06EDD529BC456000D45370 /* Release */,
			);
			defaultConfigurationIsVisible = 0;
			defaultConfigurationName = Release;
		};
		EF06EDD629BC456000D45370 /* Build configuration list for PBXNativeTarget "Homebody" */ = {
			isa = XCConfigurationList;
			buildConfigurations = (
				EF06EDD729BC456000D45370 /* Debug */,
				EF06EDD829BC456000D45370 /* Release */,
			);
			defaultConfigurationIsVisible = 0;
			defaultConfigurationName = Release;
		};
		EF06EDD929BC456000D45370 /* Build configuration list for PBXNativeTarget "HomebodyTests" */ = {
			isa = XCConfigurationList;
			buildConfigurations = (
				EF06EDDA29BC456000D45370 /* Debug */,
				EF06EDDB29BC456000D45370 /* Release */,
			);
			defaultConfigurationIsVisible = 0;
			defaultConfigurationName = Release;
		};
		EF06EDDC29BC456000D45370 /* Build configuration list for PBXNativeTarget "HomebodyUITests" */ = {
			isa = XCConfigurationList;
			buildConfigurations = (
				EF06EDDD29BC456000D45370 /* Debug */,
				EF06EDDE29BC456000D45370 /* Release */,
			);
			defaultConfigurationIsVisible = 0;
			defaultConfigurationName = Release;
		};
/* End XCConfigurationList section */
	};
	rootObject = EF06EDAA29BC455F00D45370 /* Project object */;
}
